Microsoft Visual Studio Solution File, Format Version 12.00
# Visual Studio 2012
Project("{FAE04EC0-301F-11D3-BF4B-00C04F79EFBC}") = "Hiashatar", "Hiashatar.csproj", "{B73923A5-AB24-494A-9A90-F61B95245687}"
EndProject
Global
	GlobalSection(SolutionConfigurationPlatforms) = preSolution
	Debug|Any CPU = Debug|Any CPU
	ExportDebug|Any CPU = ExportDebug|Any CPU
	ExportRelease|Any CPU = ExportRelease|Any CPU
	EndGlobalSection
	GlobalSection(ProjectConfigurationPlatforms) = postSolution
		{B73923A5-AB24-494A-9A90-F61B95245687}.Debug|Any CPU.ActiveCfg = Debug|Any CPU
		{B73923A5-AB24-494A-9A90-F61B95245687}.Debug|Any CPU.Build.0 = Debug|Any CPU
		{B73923A5-AB24-494A-9A90-F61B95245687}.ExportDebug|Any CPU.ActiveCfg = ExportDebug|Any CPU
		{B73923A5-AB24-494A-9A90-F61B95245687}.ExportDebug|Any CPU.Build.0 = ExportDebug|Any CPU
		{B73923A5-AB24-494A-9A90-F61B95245687}.ExportRelease|Any CPU.ActiveCfg = ExportRelease|Any CPU
		{B73923A5-AB24-494A-9A90-F61B95245687}.ExportRelease|Any CPU.Build.0 = ExportRelease|Any CPU
	EndGlobalSection
EndGlobal
